// !$*UTF8*$!
{
	archiveVersion = 1;
	classes = {
	};
	objectVersion = 56;
	objects = {

/* Begin PBXBuildFile section */
		1403411B28FA9EFC00C1311D /* ArbFONTS-DINNEXTLTARABIC-LIGHT-1.ttf in Resources */ = {isa = PBXBuildFile; fileRef = 1403410628FA9EFC00C1311D /* ArbFONTS-DINNEXTLTARABIC-LIGHT-1.ttf */; };
		1403411C28FA9EFC00C1311D /* ArbFONTS-DINNextLTArabic-Bold-2.ttf in Resources */ = {isa = PBXBuildFile; fileRef = 1403410728FA9EFC00C1311D /* ArbFONTS-DINNextLTArabic-Bold-2.ttf */; };
		1403411D28FA9EFC00C1311D /* ArbFONTS-DINNextLTArabic-Black-3.ttf in Resources */ = {isa = PBXBuildFile; fileRef = 1403410828FA9EFC00C1311D /* ArbFONTS-DINNextLTArabic-Black-3.ttf */; };
		1403411E28FA9EFC00C1311D /* ArbFONTS-DINNextLTArabic-Regular-4.ttf in Resources */ = {isa = PBXBuildFile; fileRef = 1403410928FA9EFC00C1311D /* ArbFONTS-DINNextLTArabic-Regular-4.ttf */; };
		1403411F28FA9EFC00C1311D /* ArbFONTS-DINNextLTArabic-Heavy2-1.ttf in Resources */ = {isa = PBXBuildFile; fileRef = 1403410A28FA9EFC00C1311D /* ArbFONTS-DINNextLTArabic-Heavy2-1.ttf */; };
		1403412028FA9EFC00C1311D /* ArbFONTS-DINNextLTArabic-Medium-2.ttf in Resources */ = {isa = PBXBuildFile; fileRef = 1403410B28FA9EFC00C1311D /* ArbFONTS-DINNextLTArabic-Medium-2.ttf */; };
		1403412128FA9EFC00C1311D /* ArbFONTS-DINNextLTArabic-Regular-2.ttf in Resources */ = {isa = PBXBuildFile; fileRef = 1403410C28FA9EFC00C1311D /* ArbFONTS-DINNextLTArabic-Regular-2.ttf */; };
		1403412228FA9EFC00C1311D /* ArbFONTS-DINNextLTArabic-Heavy2-2.ttf in Resources */ = {isa = PBXBuildFile; fileRef = 1403410D28FA9EFC00C1311D /* ArbFONTS-DINNextLTArabic-Heavy2-2.ttf */; };
		1403412328FA9EFC00C1311D /* ArbFONTS-DINNextLTArabic-Bold-4.ttf in Resources */ = {isa = PBXBuildFile; fileRef = 1403410E28FA9EFC00C1311D /* ArbFONTS-DINNextLTArabic-Bold-4.ttf */; };
		1403412428FA9EFC00C1311D /* ArbFONTS-DINNextLTArabic-Black-4.ttf in Resources */ = {isa = PBXBuildFile; fileRef = 1403410F28FA9EFC00C1311D /* ArbFONTS-DINNextLTArabic-Black-4.ttf */; };
		1403412528FA9EFC00C1311D /* ArbFONTS-DINNextLTArabic-Heavy-1.ttf in Resources */ = {isa = PBXBuildFile; fileRef = 1403411028FA9EFC00C1311D /* ArbFONTS-DINNextLTArabic-Heavy-1.ttf */; };
		1403412628FA9EFC00C1311D /* ArbFONTS-DINNEXTLTARABIC-LIGHT-2-2.ttf in Resources */ = {isa = PBXBuildFile; fileRef = 1403411128FA9EFC00C1311D /* ArbFONTS-DINNEXTLTARABIC-LIGHT-2-2.ttf */; };
		1403412728FA9EFC00C1311D /* ArbFONTS-DINNextLTArabic-Regular-3.ttf in Resources */ = {isa = PBXBuildFile; fileRef = 1403411228FA9EFC00C1311D /* ArbFONTS-DINNextLTArabic-Regular-3.ttf */; };
		1403412828FA9EFC00C1311D /* ArbFONTS-DINNextLTArabic-UltraLight-3.ttf in Resources */ = {isa = PBXBuildFile; fileRef = 1403411328FA9EFC00C1311D /* ArbFONTS-DINNextLTArabic-UltraLight-3.ttf */; };
		1403412928FA9EFC00C1311D /* ArbFONTS-DINNextLTArabic-UltraLight-4.ttf in Resources */ = {isa = PBXBuildFile; fileRef = 1403411428FA9EFC00C1311D /* ArbFONTS-DINNextLTArabic-UltraLight-4.ttf */; };
		1403412A28FA9EFC00C1311D /* ArbFONTS-DINNextLTArabic-Medium-3.ttf in Resources */ = {isa = PBXBuildFile; fileRef = 1403411528FA9EFC00C1311D /* ArbFONTS-DINNextLTArabic-Medium-3.ttf */; };
		1403412B28FA9EFC00C1311D /* ArbFONTS-DINNextLTArabic-Medium-4.ttf in Resources */ = {isa = PBXBuildFile; fileRef = 1403411628FA9EFC00C1311D /* ArbFONTS-DINNextLTArabic-Medium-4.ttf */; };
		1403412C28FA9EFC00C1311D /* ArbFONTS-DINNextLTArabic-UltraLight-1.ttf in Resources */ = {isa = PBXBuildFile; fileRef = 1403411728FA9EFC00C1311D /* ArbFONTS-DINNextLTArabic-UltraLight-1.ttf */; };
		1403412D28FA9EFC00C1311D /* ArbFONTS-DINNextLTArabic-UltraLight-2.ttf in Resources */ = {isa = PBXBuildFile; fileRef = 1403411828FA9EFC00C1311D /* ArbFONTS-DINNextLTArabic-UltraLight-2.ttf */; };
		1403412E28FA9EFC00C1311D /* ArbFONTS-DINNextLTArabic-Bold-3.ttf in Resources */ = {isa = PBXBuildFile; fileRef = 1403411928FA9EFC00C1311D /* ArbFONTS-DINNextLTArabic-Bold-3.ttf */; };
		1403412F28FA9EFC00C1311D /* ArbFONTS-DINNextLTArabic-Black-2.ttf in Resources */ = {isa = PBXBuildFile; fileRef = 1403411A28FA9EFC00C1311D /* ArbFONTS-DINNextLTArabic-Black-2.ttf */; };
		1403413228FAA11500C1311D /* UIVIew+IBInspectables.swift in Sources */ = {isa = PBXBuildFile; fileRef = 1403413128FAA11500C1311D /* UIVIew+IBInspectables.swift */; };
		1403413528FAB35000C1311D /* UIColor+Hex.swift in Sources */ = {isa = PBXBuildFile; fileRef = 1403413428FAB35000C1311D /* UIColor+Hex.swift */; };
		1403417B28FABC1500C1311D /* RxSwift in Frameworks */ = {isa = PBXBuildFile; productRef = 1403417A28FABC1500C1311D /* RxSwift */; };
		1403417D28FABC2200C1311D /* RxCocoa in Frameworks */ = {isa = PBXBuildFile; productRef = 1403417C28FABC2200C1311D /* RxCocoa */; };
		14E3605728F9F35E005EA69D /* AppDelegate.swift in Sources */ = {isa = PBXBuildFile; fileRef = 14E3605628F9F35E005EA69D /* AppDelegate.swift */; };
		14E3605B28F9F35E005EA69D /* ViewController.swift in Sources */ = {isa = PBXBuildFile; fileRef = 14E3605A28F9F35E005EA69D /* ViewController.swift */; };
		14E3605E28F9F35E005EA69D /* Main.storyboard in Resources */ = {isa = PBXBuildFile; fileRef = 14E3605C28F9F35E005EA69D /* Main.storyboard */; };
		14E3606028F9F360005EA69D /* Assets.xcassets in Resources */ = {isa = PBXBuildFile; fileRef = 14E3605F28F9F360005EA69D /* Assets.xcassets */; };
		14E3606328F9F360005EA69D /* LaunchScreen.storyboard in Resources */ = {isa = PBXBuildFile; fileRef = 14E3606128F9F360005EA69D /* LaunchScreen.storyboard */; };
		14E3606E28F9F360005EA69D /* Tweet_CounterTests.swift in Sources */ = {isa = PBXBuildFile; fileRef = 14E3606D28F9F360005EA69D /* Tweet_CounterTests.swift */; };
		14F5F9BB28FA993400E99AD4 /* TweetCounterView.xib in Resources */ = {isa = PBXBuildFile; fileRef = 14F5F9BA28FA993400E99AD4 /* TweetCounterView.xib */; };
		14F5F9BD28FA994000E99AD4 /* TweetCounterView.swift in Sources */ = {isa = PBXBuildFile; fileRef = 14F5F9BC28FA994000E99AD4 /* TweetCounterView.swift */; };
/* End PBXBuildFile section */

/* Begin PBXContainerItemProxy section */
		14E3606A28F9F360005EA69D /* PBXContainerItemProxy */ = {
			isa = PBXContainerItemProxy;
			containerPortal = 14E3604B28F9F35E005EA69D /* Project object */;
			proxyType = 1;
			remoteGlobalIDString = 14E3605228F9F35E005EA69D;
			remoteInfo = "Tweet-Counter";
		};
/* End PBXContainerItemProxy section */

/* Begin PBXCopyFilesBuildPhase section */
		1403417028FABB8700C1311D /* Embed Frameworks */ = {
			isa = PBXCopyFilesBuildPhase;
			buildActionMask = 2147483647;
			dstPath = "";
			dstSubfolderSpec = 10;
			files = (
			);
			name = "Embed Frameworks";
			runOnlyForDeploymentPostprocessing = 0;
		};
/* End PBXCopyFilesBuildPhase section */

/* Begin PBXFileReference section */
		1403410628FA9EFC00C1311D /* ArbFONTS-DINNEXTLTARABIC-LIGHT-1.ttf */ = {isa = PBXFileReference; lastKnownFileType = file; name = "ArbFONTS-DINNEXTLTARABIC-LIGHT-1.ttf"; path = "../../../../../../Helpers/Used font/ArbFonts.com-(21)/ArbFONTS-DINNEXTLTARABIC-LIGHT-1.ttf"; sourceTree = "<group>"; };
		1403410728FA9EFC00C1311D /* ArbFONTS-DINNextLTArabic-Bold-2.ttf */ = {isa = PBXFileReference; lastKnownFileType = file; name = "ArbFONTS-DINNextLTArabic-Bold-2.ttf"; path = "../../../../../../Helpers/Used font/ArbFonts.com-(21)/ArbFONTS-DINNextLTArabic-Bold-2.ttf"; sourceTree = "<group>"; };
		1403410828FA9EFC00C1311D /* ArbFONTS-DINNextLTArabic-Black-3.ttf */ = {isa = PBXFileReference; lastKnownFileType = file; name = "ArbFONTS-DINNextLTArabic-Black-3.ttf"; path = "../../../../../../Helpers/Used font/ArbFonts.com-(21)/ArbFONTS-DINNextLTArabic-Black-3.ttf"; sourceTree = "<group>"; };
		1403410928FA9EFC00C1311D /* ArbFONTS-DINNextLTArabic-Regular-4.ttf */ = {isa = PBXFileReference; lastKnownFileType = file; name = "ArbFONTS-DINNextLTArabic-Regular-4.ttf"; path = "../../../../../../Helpers/Used font/ArbFonts.com-(21)/ArbFONTS-DINNextLTArabic-Regular-4.ttf"; sourceTree = "<group>"; };
		1403410A28FA9EFC00C1311D /* ArbFONTS-DINNextLTArabic-Heavy2-1.ttf */ = {isa = PBXFileReference; lastKnownFileType = file; name = "ArbFONTS-DINNextLTArabic-Heavy2-1.ttf"; path = "../../../../../../Helpers/Used font/ArbFonts.com-(21)/ArbFONTS-DINNextLTArabic-Heavy2-1.ttf"; sourceTree = "<group>"; };
		1403410B28FA9EFC00C1311D /* ArbFONTS-DINNextLTArabic-Medium-2.ttf */ = {isa = PBXFileReference; lastKnownFileType = file; name = "ArbFONTS-DINNextLTArabic-Medium-2.ttf"; path = "../../../../../../Helpers/Used font/ArbFonts.com-(21)/ArbFONTS-DINNextLTArabic-Medium-2.ttf"; sourceTree = "<group>"; };
		1403410C28FA9EFC00C1311D /* ArbFONTS-DINNextLTArabic-Regular-2.ttf */ = {isa = PBXFileReference; lastKnownFileType = file; name = "ArbFONTS-DINNextLTArabic-Regular-2.ttf"; path = "../../../../../../Helpers/Used font/ArbFonts.com-(21)/ArbFONTS-DINNextLTArabic-Regular-2.ttf"; sourceTree = "<group>"; };
		1403410D28FA9EFC00C1311D /* ArbFONTS-DINNextLTArabic-Heavy2-2.ttf */ = {isa = PBXFileReference; lastKnownFileType = file; name = "ArbFONTS-DINNextLTArabic-Heavy2-2.ttf"; path = "../../../../../../Helpers/Used font/ArbFonts.com-(21)/ArbFONTS-DINNextLTArabic-Heavy2-2.ttf"; sourceTree = "<group>"; };
		1403410E28FA9EFC00C1311D /* ArbFONTS-DINNextLTArabic-Bold-4.ttf */ = {isa = PBXFileReference; lastKnownFileType = file; name = "ArbFONTS-DINNextLTArabic-Bold-4.ttf"; path = "../../../../../../Helpers/Used font/ArbFonts.com-(21)/ArbFONTS-DINNextLTArabic-Bold-4.ttf"; sourceTree = "<group>"; };
		1403410F28FA9EFC00C1311D /* ArbFONTS-DINNextLTArabic-Black-4.ttf */ = {isa = PBXFileReference; lastKnownFileType = file; name = "ArbFONTS-DINNextLTArabic-Black-4.ttf"; path = "../../../../../../Helpers/Used font/ArbFonts.com-(21)/ArbFONTS-DINNextLTArabic-Black-4.ttf"; sourceTree = "<group>"; };
		1403411028FA9EFC00C1311D /* ArbFONTS-DINNextLTArabic-Heavy-1.ttf */ = {isa = PBXFileReference; lastKnownFileType = file; name = "ArbFONTS-DINNextLTArabic-Heavy-1.ttf"; path = "../../../../../../Helpers/Used font/ArbFonts.com-(21)/ArbFONTS-DINNextLTArabic-Heavy-1.ttf"; sourceTree = "<group>"; };
		1403411128FA9EFC00C1311D /* ArbFONTS-DINNEXTLTARABIC-LIGHT-2-2.ttf */ = {isa = PBXFileReference; lastKnownFileType = file; name = "ArbFONTS-DINNEXTLTARABIC-LIGHT-2-2.ttf"; path = "../../../../../../Helpers/Used font/ArbFonts.com-(21)/ArbFONTS-DINNEXTLTARABIC-LIGHT-2-2.ttf"; sourceTree = "<group>"; };
		1403411228FA9EFC00C1311D /* ArbFONTS-DINNextLTArabic-Regular-3.ttf */ = {isa = PBXFileReference; lastKnownFileType = file; name = "ArbFONTS-DINNextLTArabic-Regular-3.ttf"; path = "../../../../../../Helpers/Used font/ArbFonts.com-(21)/ArbFONTS-DINNextLTArabic-Regular-3.ttf"; sourceTree = "<group>"; };
		1403411328FA9EFC00C1311D /* ArbFONTS-DINNextLTArabic-UltraLight-3.ttf */ = {isa = PBXFileReference; lastKnownFileType = file; name = "ArbFONTS-DINNextLTArabic-UltraLight-3.ttf"; path = "../../../../../../Helpers/Used font/ArbFonts.com-(21)/ArbFONTS-DINNextLTArabic-UltraLight-3.ttf"; sourceTree = "<group>"; };
		1403411428FA9EFC00C1311D /* ArbFONTS-DINNextLTArabic-UltraLight-4.ttf */ = {isa = PBXFileReference; lastKnownFileType = file; name = "ArbFONTS-DINNextLTArabic-UltraLight-4.ttf"; path = "../../../../../../Helpers/Used font/ArbFonts.com-(21)/ArbFONTS-DINNextLTArabic-UltraLight-4.ttf"; sourceTree = "<group>"; };
		1403411528FA9EFC00C1311D /* ArbFONTS-DINNextLTArabic-Medium-3.ttf */ = {isa = PBXFileReference; lastKnownFileType = file; name = "ArbFONTS-DINNextLTArabic-Medium-3.ttf"; path = "../../../../../../Helpers/Used font/ArbFonts.com-(21)/ArbFONTS-DINNextLTArabic-Medium-3.ttf"; sourceTree = "<group>"; };
		1403411628FA9EFC00C1311D /* ArbFONTS-DINNextLTArabic-Medium-4.ttf */ = {isa = PBXFileReference; lastKnownFileType = file; name = "ArbFONTS-DINNextLTArabic-Medium-4.ttf"; path = "../../../../../../Helpers/Used font/ArbFonts.com-(21)/ArbFONTS-DINNextLTArabic-Medium-4.ttf"; sourceTree = "<group>"; };
		1403411728FA9EFC00C1311D /* ArbFONTS-DINNextLTArabic-UltraLight-1.ttf */ = {isa = PBXFileReference; lastKnownFileType = file; name = "ArbFONTS-DINNextLTArabic-UltraLight-1.ttf"; path = "../../../../../../Helpers/Used font/ArbFonts.com-(21)/ArbFONTS-DINNextLTArabic-UltraLight-1.ttf"; sourceTree = "<group>"; };
		1403411828FA9EFC00C1311D /* ArbFONTS-DINNextLTArabic-UltraLight-2.ttf */ = {isa = PBXFileReference; lastKnownFileType = file; name = "ArbFONTS-DINNextLTArabic-UltraLight-2.ttf"; path = "../../../../../../Helpers/Used font/ArbFonts.com-(21)/ArbFONTS-DINNextLTArabic-UltraLight-2.ttf"; sourceTree = "<group>"; };
		1403411928FA9EFC00C1311D /* ArbFONTS-DINNextLTArabic-Bold-3.ttf */ = {isa = PBXFileReference; lastKnownFileType = file; name = "ArbFONTS-DINNextLTArabic-Bold-3.ttf"; path = "../../../../../../Helpers/Used font/ArbFonts.com-(21)/ArbFONTS-DINNextLTArabic-Bold-3.ttf"; sourceTree = "<group>"; };
		1403411A28FA9EFC00C1311D /* ArbFONTS-DINNextLTArabic-Black-2.ttf */ = {isa = PBXFileReference; lastKnownFileType = file; name = "ArbFONTS-DINNextLTArabic-Black-2.ttf"; path = "../../../../../../Helpers/Used font/ArbFonts.com-(21)/ArbFONTS-DINNextLTArabic-Black-2.ttf"; sourceTree = "<group>"; };
		1403413128FAA11500C1311D /* UIVIew+IBInspectables.swift */ = {isa = PBXFileReference; lastKnownFileType = sourcecode.swift; path = "UIVIew+IBInspectables.swift"; sourceTree = "<group>"; };
		1403413428FAB35000C1311D /* UIColor+Hex.swift */ = {isa = PBXFileReference; lastKnownFileType = sourcecode.swift; path = "UIColor+Hex.swift"; sourceTree = "<group>"; };
		14E3605328F9F35E005EA69D /* Tweet-Counter.app */ = {isa = PBXFileReference; explicitFileType = wrapper.application; includeInIndex = 0; path = "Tweet-Counter.app"; sourceTree = BUILT_PRODUCTS_DIR; };
		14E3605628F9F35E005EA69D /* AppDelegate.swift */ = {isa = PBXFileReference; lastKnownFileType = sourcecode.swift; path = AppDelegate.swift; sourceTree = "<group>"; };
		14E3605A28F9F35E005EA69D /* ViewController.swift */ = {isa = PBXFileReference; lastKnownFileType = sourcecode.swift; path = ViewController.swift; sourceTree = "<group>"; };
		14E3605D28F9F35E005EA69D /* Base */ = {isa = PBXFileReference; lastKnownFileType = file.storyboard; name = Base; path = Base.lproj/Main.storyboard; sourceTree = "<group>"; };
		14E3605F28F9F360005EA69D /* Assets.xcassets */ = {isa = PBXFileReference; lastKnownFileType = folder.assetcatalog; path = Assets.xcassets; sourceTree = "<group>"; };
		14E3606228F9F360005EA69D /* Base */ = {isa = PBXFileReference; lastKnownFileType = file.storyboard; name = Base; path = Base.lproj/LaunchScreen.storyboard; sourceTree = "<group>"; };
		14E3606428F9F360005EA69D /* Info.plist */ = {isa = PBXFileReference; lastKnownFileType = text.plist.xml; path = Info.plist; sourceTree = "<group>"; };
		14E3606928F9F360005EA69D /* Tweet-CounterTests.xctest */ = {isa = PBXFileReference; explicitFileType = wrapper.cfbundle; includeInIndex = 0; path = "Tweet-CounterTests.xctest"; sourceTree = BUILT_PRODUCTS_DIR; };
		14E3606D28F9F360005EA69D /* Tweet_CounterTests.swift */ = {isa = PBXFileReference; lastKnownFileType = sourcecode.swift; path = Tweet_CounterTests.swift; sourceTree = "<group>"; };
		14F5F9BA28FA993400E99AD4 /* TweetCounterView.xib */ = {isa = PBXFileReference; lastKnownFileType = file.xib; path = TweetCounterView.xib; sourceTree = "<group>"; };
		14F5F9BC28FA994000E99AD4 /* TweetCounterView.swift */ = {isa = PBXFileReference; lastKnownFileType = sourcecode.swift; path = TweetCounterView.swift; sourceTree = "<group>"; };
/* End PBXFileReference section */

/* Begin PBXFrameworksBuildPhase section */
		14E3605028F9F35E005EA69D /* Frameworks */ = {
			isa = PBXFrameworksBuildPhase;
			buildActionMask = 2147483647;
			files = (
				1403417D28FABC2200C1311D /* RxCocoa in Frameworks */,
				1403417B28FABC1500C1311D /* RxSwift in Frameworks */,
			);
			runOnlyForDeploymentPostprocessing = 0;
		};
		14E3606628F9F360005EA69D /* Frameworks */ = {
			isa = PBXFrameworksBuildPhase;
			buildActionMask = 2147483647;
			files = (
			);
			runOnlyForDeploymentPostprocessing = 0;
		};
/* End PBXFrameworksBuildPhase section */

/* Begin PBXGroup section */
		1403410528FA9E9400C1311D /* Fonts */ = {
			isa = PBXGroup;
			children = (
				1403411A28FA9EFC00C1311D /* ArbFONTS-DINNextLTArabic-Black-2.ttf */,
				1403410828FA9EFC00C1311D /* ArbFONTS-DINNextLTArabic-Black-3.ttf */,
				1403410F28FA9EFC00C1311D /* ArbFONTS-DINNextLTArabic-Black-4.ttf */,
				1403410728FA9EFC00C1311D /* ArbFONTS-DINNextLTArabic-Bold-2.ttf */,
				1403411928FA9EFC00C1311D /* ArbFONTS-DINNextLTArabic-Bold-3.ttf */,
				1403410E28FA9EFC00C1311D /* ArbFONTS-DINNextLTArabic-Bold-4.ttf */,
				1403411028FA9EFC00C1311D /* ArbFONTS-DINNextLTArabic-Heavy-1.ttf */,
				1403410A28FA9EFC00C1311D /* ArbFONTS-DINNextLTArabic-Heavy2-1.ttf */,
				1403410D28FA9EFC00C1311D /* ArbFONTS-DINNextLTArabic-Heavy2-2.ttf */,
				1403410628FA9EFC00C1311D /* ArbFONTS-DINNEXTLTARABIC-LIGHT-1.ttf */,
				1403411128FA9EFC00C1311D /* ArbFONTS-DINNEXTLTARABIC-LIGHT-2-2.ttf */,
				1403410B28FA9EFC00C1311D /* ArbFONTS-DINNextLTArabic-Medium-2.ttf */,
				1403411528FA9EFC00C1311D /* ArbFONTS-DINNextLTArabic-Medium-3.ttf */,
				1403411628FA9EFC00C1311D /* ArbFONTS-DINNextLTArabic-Medium-4.ttf */,
				1403410C28FA9EFC00C1311D /* ArbFONTS-DINNextLTArabic-Regular-2.ttf */,
				1403411228FA9EFC00C1311D /* ArbFONTS-DINNextLTArabic-Regular-3.ttf */,
				1403410928FA9EFC00C1311D /* ArbFONTS-DINNextLTArabic-Regular-4.ttf */,
				1403411728FA9EFC00C1311D /* ArbFONTS-DINNextLTArabic-UltraLight-1.ttf */,
				1403411828FA9EFC00C1311D /* ArbFONTS-DINNextLTArabic-UltraLight-2.ttf */,
				1403411328FA9EFC00C1311D /* ArbFONTS-DINNextLTArabic-UltraLight-3.ttf */,
				1403411428FA9EFC00C1311D /* ArbFONTS-DINNextLTArabic-UltraLight-4.ttf */,
			);
			path = Fonts;
			sourceTree = "<group>";
		};
		1403413028FAA0F000C1311D /* View */ = {
			isa = PBXGroup;
			children = (
				1403413128FAA11500C1311D /* UIVIew+IBInspectables.swift */,
			);
			path = View;
			sourceTree = "<group>";
		};
		1403413328FAB33900C1311D /* Colors */ = {
			isa = PBXGroup;
			children = (
				1403413428FAB35000C1311D /* UIColor+Hex.swift */,
			);
			path = Colors;
			sourceTree = "<group>";
		};
		1403416228FABB4600C1311D /* Frameworks */ = {
			isa = PBXGroup;
			children = (
			);
			name = Frameworks;
			sourceTree = "<group>";
		};
		14E3604A28F9F35E005EA69D = {
			isa = PBXGroup;
			children = (
				14E3605528F9F35E005EA69D /* Tweet-Counter */,
				14E3606C28F9F360005EA69D /* Tweet-CounterTests */,
				14E3605428F9F35E005EA69D /* Products */,
				1403416228FABB4600C1311D /* Frameworks */,
			);
			sourceTree = "<group>";
		};
		14E3605428F9F35E005EA69D /* Products */ = {
			isa = PBXGroup;
			children = (
				14E3605328F9F35E005EA69D /* Tweet-Counter.app */,
				14E3606928F9F360005EA69D /* Tweet-CounterTests.xctest */,
			);
			name = Products;
			sourceTree = "<group>";
		};
		14E3605528F9F35E005EA69D /* Tweet-Counter */ = {
			isa = PBXGroup;
			children = (
				14F5F9B728FA991300E99AD4 /* Helpers */,
				14F5F9B528FA98FB00E99AD4 /* Modules */,
				14F5F9B128FA98B800E99AD4 /* Resources */,
				14F5F9B028FA98AE00E99AD4 /* Core */,
			);
			path = "Tweet-Counter";
			sourceTree = "<group>";
		};
		14E3606C28F9F360005EA69D /* Tweet-CounterTests */ = {
			isa = PBXGroup;
			children = (
				14E3606D28F9F360005EA69D /* Tweet_CounterTests.swift */,
			);
			path = "Tweet-CounterTests";
			sourceTree = "<group>";
		};
		14F5F9B028FA98AE00E99AD4 /* Core */ = {
			isa = PBXGroup;
			children = (
				14E3605628F9F35E005EA69D /* AppDelegate.swift */,
			);
			path = Core;
			sourceTree = "<group>";
		};
		14F5F9B128FA98B800E99AD4 /* Resources */ = {
			isa = PBXGroup;
			children = (
				1403410528FA9E9400C1311D /* Fonts */,
				14F5F9B428FA98EE00E99AD4 /* Plist files */,
				14F5F9B328FA98CF00E99AD4 /* Xibs */,
				14F5F9B228FA98C200E99AD4 /* Assets */,
			);
			path = Resources;
			sourceTree = "<group>";
		};
		14F5F9B228FA98C200E99AD4 /* Assets */ = {
			isa = PBXGroup;
			children = (
				14E3605F28F9F360005EA69D /* Assets.xcassets */,
			);
			path = Assets;
			sourceTree = "<group>";
		};
		14F5F9B328FA98CF00E99AD4 /* Xibs */ = {
			isa = PBXGroup;
			children = (
				14E3606128F9F360005EA69D /* LaunchScreen.storyboard */,
			);
			path = Xibs;
			sourceTree = "<group>";
		};
		14F5F9B428FA98EE00E99AD4 /* Plist files */ = {
			isa = PBXGroup;
			children = (
				14E3606428F9F360005EA69D /* Info.plist */,
			);
			path = "Plist files";
			sourceTree = "<group>";
		};
		14F5F9B528FA98FB00E99AD4 /* Modules */ = {
			isa = PBXGroup;
			children = (
				14F5F9B628FA990100E99AD4 /* Main */,
			);
			path = Modules;
			sourceTree = "<group>";
		};
		14F5F9B628FA990100E99AD4 /* Main */ = {
			isa = PBXGroup;
			children = (
				14E3605C28F9F35E005EA69D /* Main.storyboard */,
				14E3605A28F9F35E005EA69D /* ViewController.swift */,
			);
			path = Main;
			sourceTree = "<group>";
		};
		14F5F9B728FA991300E99AD4 /* Helpers */ = {
			isa = PBXGroup;
			children = (
				14F5F9B928FA991E00E99AD4 /* Extensions */,
				14F5F9B828FA991800E99AD4 /* Custom views */,
			);
			path = Helpers;
			sourceTree = "<group>";
		};
		14F5F9B828FA991800E99AD4 /* Custom views */ = {
			isa = PBXGroup;
			children = (
				14F5F9BA28FA993400E99AD4 /* TweetCounterView.xib */,
				14F5F9BC28FA994000E99AD4 /* TweetCounterView.swift */,
			);
			path = "Custom views";
			sourceTree = "<group>";
		};
		14F5F9B928FA991E00E99AD4 /* Extensions */ = {
			isa = PBXGroup;
			children = (
				1403413328FAB33900C1311D /* Colors */,
				1403413028FAA0F000C1311D /* View */,
			);
			path = Extensions;
			sourceTree = "<group>";
		};
/* End PBXGroup section */

/* Begin PBXNativeTarget section */
		14E3605228F9F35E005EA69D /* Tweet-Counter */ = {
			isa = PBXNativeTarget;
			buildConfigurationList = 14E3607D28F9F360005EA69D /* Build configuration list for PBXNativeTarget "Tweet-Counter" */;
			buildPhases = (
				14E3604F28F9F35E005EA69D /* Sources */,
				14E3605028F9F35E005EA69D /* Frameworks */,
				14E3605128F9F35E005EA69D /* Resources */,
				1403417028FABB8700C1311D /* Embed Frameworks */,
			);
			buildRules = (
			);
			dependencies = (
			);
			name = "Tweet-Counter";
			packageProductDependencies = (
				1403417A28FABC1500C1311D /* RxSwift */,
				1403417C28FABC2200C1311D /* RxCocoa */,
			);
			productName = "Tweet-Counter";
			productReference = 14E3605328F9F35E005EA69D /* Tweet-Counter.app */;
			productType = "com.apple.product-type.application";
		};
		14E3606828F9F360005EA69D /* Tweet-CounterTests */ = {
			isa = PBXNativeTarget;
			buildConfigurationList = 14E3608028F9F360005EA69D /* Build configuration list for PBXNativeTarget "Tweet-CounterTests" */;
			buildPhases = (
				14E3606528F9F360005EA69D /* Sources */,
				14E3606628F9F360005EA69D /* Frameworks */,
				14E3606728F9F360005EA69D /* Resources */,
			);
			buildRules = (
			);
			dependencies = (
				14E3606B28F9F360005EA69D /* PBXTargetDependency */,
			);
			name = "Tweet-CounterTests";
			productName = "Tweet-CounterTests";
			productReference = 14E3606928F9F360005EA69D /* Tweet-CounterTests.xctest */;
			productType = "com.apple.product-type.bundle.unit-test";
		};
/* End PBXNativeTarget section */

/* Begin PBXProject section */
		14E3604B28F9F35E005EA69D /* Project object */ = {
			isa = PBXProject;
			attributes = {
				BuildIndependentTargetsInParallel = 1;
				LastSwiftUpdateCheck = 1400;
				LastUpgradeCheck = 1400;
				TargetAttributes = {
					14E3605228F9F35E005EA69D = {
						CreatedOnToolsVersion = 14.0.1;
					};
					14E3606828F9F360005EA69D = {
						CreatedOnToolsVersion = 14.0.1;
						TestTargetID = 14E3605228F9F35E005EA69D;
					};
				};
			};
			buildConfigurationList = 14E3604E28F9F35E005EA69D /* Build configuration list for PBXProject "Tweet-Counter" */;
			compatibilityVersion = "Xcode 14.0";
			developmentRegion = en;
			hasScannedForEncodings = 0;
			knownRegions = (
				en,
				Base,
			);
			mainGroup = 14E3604A28F9F35E005EA69D;
			packageReferences = (
				1403415B28FABACE00C1311D /* XCRemoteSwiftPackageReference "RxSwift" */,
			);
			productRefGroup = 14E3605428F9F35E005EA69D /* Products */;
			projectDirPath = "";
			projectRoot = "";
			targets = (
				14E3605228F9F35E005EA69D /* Tweet-Counter */,
				14E3606828F9F360005EA69D /* Tweet-CounterTests */,
			);
		};
/* End PBXProject section */

/* Begin PBXResourcesBuildPhase section */
		14E3605128F9F35E005EA69D /* Resources */ = {
			isa = PBXResourcesBuildPhase;
			buildActionMask = 2147483647;
			files = (
				1403412228FA9EFC00C1311D /* ArbFONTS-DINNextLTArabic-Heavy2-2.ttf in Resources */,
				1403412F28FA9EFC00C1311D /* ArbFONTS-DINNextLTArabic-Black-2.ttf in Resources */,
				1403412428FA9EFC00C1311D /* ArbFONTS-DINNextLTArabic-Black-4.ttf in Resources */,
				1403412328FA9EFC00C1311D /* ArbFONTS-DINNextLTArabic-Bold-4.ttf in Resources */,
				1403412128FA9EFC00C1311D /* ArbFONTS-DINNextLTArabic-Regular-2.ttf in Resources */,
				1403412C28FA9EFC00C1311D /* ArbFONTS-DINNextLTArabic-UltraLight-1.ttf in Resources */,
				1403412E28FA9EFC00C1311D /* ArbFONTS-DINNextLTArabic-Bold-3.ttf in Resources */,
				1403411D28FA9EFC00C1311D /* ArbFONTS-DINNextLTArabic-Black-3.ttf in Resources */,
				14E3606328F9F360005EA69D /* LaunchScreen.storyboard in Resources */,
				1403412D28FA9EFC00C1311D /* ArbFONTS-DINNextLTArabic-UltraLight-2.ttf in Resources */,
				1403411E28FA9EFC00C1311D /* ArbFONTS-DINNextLTArabic-Regular-4.ttf in Resources */,
				14F5F9BB28FA993400E99AD4 /* TweetCounterView.xib in Resources */,
				1403411C28FA9EFC00C1311D /* ArbFONTS-DINNextLTArabic-Bold-2.ttf in Resources */,
				1403412928FA9EFC00C1311D /* ArbFONTS-DINNextLTArabic-UltraLight-4.ttf in Resources */,
				1403412728FA9EFC00C1311D /* ArbFONTS-DINNextLTArabic-Regular-3.ttf in Resources */,
				1403412A28FA9EFC00C1311D /* ArbFONTS-DINNextLTArabic-Medium-3.ttf in Resources */,
				1403412828FA9EFC00C1311D /* ArbFONTS-DINNextLTArabic-UltraLight-3.ttf in Resources */,
				14E3606028F9F360005EA69D /* Assets.xcassets in Resources */,
				1403411F28FA9EFC00C1311D /* ArbFONTS-DINNextLTArabic-Heavy2-1.ttf in Resources */,
				14E3605E28F9F35E005EA69D /* Main.storyboard in Resources */,
				1403412028FA9EFC00C1311D /* ArbFONTS-DINNextLTArabic-Medium-2.ttf in Resources */,
				1403412628FA9EFC00C1311D /* ArbFONTS-DINNEXTLTARABIC-LIGHT-2-2.ttf in Resources */,
				1403412B28FA9EFC00C1311D /* ArbFONTS-DINNextLTArabic-Medium-4.ttf in Resources */,
				1403411B28FA9EFC00C1311D /* ArbFONTS-DINNEXTLTARABIC-LIGHT-1.ttf in Resources */,
				1403412528FA9EFC00C1311D /* ArbFONTS-DINNextLTArabic-Heavy-1.ttf in Resources */,
			);
			runOnlyForDeploymentPostprocessing = 0;
		};
		14E3606728F9F360005EA69D /* Resources */ = {
			isa = PBXResourcesBuildPhase;
			buildActionMask = 2147483647;
			files = (
			);
			runOnlyForDeploymentPostprocessing = 0;
		};
/* End PBXResourcesBuildPhase section */

/* Begin PBXSourcesBuildPhase section */
		14E3604F28F9F35E005EA69D /* Sources */ = {
			isa = PBXSourcesBuildPhase;
			buildActionMask = 2147483647;
			files = (
				14F5F9BD28FA994000E99AD4 /* TweetCounterView.swift in Sources */,
				1403413228FAA11500C1311D /* UIVIew+IBInspectables.swift in Sources */,
				14E3605B28F9F35E005EA69D /* ViewController.swift in Sources */,
				14E3605728F9F35E005EA69D /* AppDelegate.swift in Sources */,
				1403413528FAB35000C1311D /* UIColor+Hex.swift in Sources */,
			);
			runOnlyForDeploymentPostprocessing = 0;
		};
		14E3606528F9F360005EA69D /* Sources */ = {
			isa = PBXSourcesBuildPhase;
			buildActionMask = 2147483647;
			files = (
				14E3606E28F9F360005EA69D /* Tweet_CounterTests.swift in Sources */,
			);
			runOnlyForDeploymentPostprocessing = 0;
		};
/* End PBXSourcesBuildPhase section */

/* Begin PBXTargetDependency section */
		14E3606B28F9F360005EA69D /* PBXTargetDependency */ = {
			isa = PBXTargetDependency;
			target = 14E3605228F9F35E005EA69D /* Tweet-Counter */;
			targetProxy = 14E3606A28F9F360005EA69D /* PBXContainerItemProxy */;
		};
/* End PBXTargetDependency section */

/* Begin PBXVariantGroup section */
		14E3605C28F9F35E005EA69D /* Main.storyboard */ = {
			isa = PBXVariantGroup;
			children = (
				14E3605D28F9F35E005EA69D /* Base */,
			);
			name = Main.storyboard;
			sourceTree = "<group>";
		};
		14E3606128F9F360005EA69D /* LaunchScreen.storyboard */ = {
			isa = PBXVariantGroup;
			children = (
				14E3606228F9F360005EA69D /* Base */,
			);
			name = LaunchScreen.storyboard;
			sourceTree = "<group>";
		};
/* End PBXVariantGroup section */

/* Begin XCBuildConfiguration section */
		14E3607B28F9F360005EA69D /* Debug */ = {
			isa = XCBuildConfiguration;
			buildSettings = {
				ALWAYS_SEARCH_USER_PATHS = NO;
				CLANG_ANALYZER_NONNULL = YES;
				CLANG_ANALYZER_NUMBER_OBJECT_CONVERSION = YES_AGGRESSIVE;
				CLANG_CXX_LANGUAGE_STANDARD = "gnu++20";
				CLANG_ENABLE_MODULES = YES;
				CLANG_ENABLE_OBJC_ARC = YES;
				CLANG_ENABLE_OBJC_WEAK = YES;
				CLANG_WARN_BLOCK_CAPTURE_AUTORELEASING = YES;
				CLANG_WARN_BOOL_CONVERSION = YES;
				CLANG_WARN_COMMA = YES;
				CLANG_WARN_CONSTANT_CONVERSION = YES;
				CLANG_WARN_DEPRECATED_OBJC_IMPLEMENTATIONS = YES;
				CLANG_WARN_DIRECT_OBJC_ISA_USAGE = YES_ERROR;
				CLANG_WARN_DOCUMENTATION_COMMENTS = YES;
				CLANG_WARN_EMPTY_BODY = YES;
				CLANG_WARN_ENUM_CONVERSION = YES;
				CLANG_WARN_INFINITE_RECURSION = YES;
				CLANG_WARN_INT_CONVERSION = YES;
				CLANG_WARN_NON_LITERAL_NULL_CONVERSION = YES;
				CLANG_WARN_OBJC_IMPLICIT_RETAIN_SELF = YES;
				CLANG_WARN_OBJC_LITERAL_CONVERSION = YES;
				CLANG_WARN_OBJC_ROOT_CLASS = YES_ERROR;
				CLANG_WARN_QUOTED_INCLUDE_IN_FRAMEWORK_HEADER = YES;
				CLANG_WARN_RANGE_LOOP_ANALYSIS = YES;
				CLANG_WARN_STRICT_PROTOTYPES = YES;
				CLANG_WARN_SUSPICIOUS_MOVE = YES;
				CLANG_WARN_UNGUARDED_AVAILABILITY = YES_AGGRESSIVE;
				CLANG_WARN_UNREACHABLE_CODE = YES;
				CLANG_WARN__DUPLICATE_METHOD_MATCH = YES;
				COPY_PHASE_STRIP = NO;
				DEBUG_INFORMATION_FORMAT = dwarf;
				ENABLE_STRICT_OBJC_MSGSEND = YES;
				ENABLE_TESTABILITY = YES;
				ENABLE_TESTING_SEARCH_PATHS = YES;
				GCC_C_LANGUAGE_STANDARD = gnu11;
				GCC_DYNAMIC_NO_PIC = NO;
				GCC_NO_COMMON_BLOCKS = YES;
				GCC_OPTIMIZATION_LEVEL = 0;
				GCC_PREPROCESSOR_DEFINITIONS = (
					"DEBUG=1",
					"$(inherited)",
				);
				GCC_WARN_64_TO_32_BIT_CONVERSION = YES;
				GCC_WARN_ABOUT_RETURN_TYPE = YES_ERROR;
				GCC_WARN_UNDECLARED_SELECTOR = YES;
				GCC_WARN_UNINITIALIZED_AUTOS = YES_AGGRESSIVE;
				GCC_WARN_UNUSED_FUNCTION = YES;
				GCC_WARN_UNUSED_VARIABLE = YES;
				IPHONEOS_DEPLOYMENT_TARGET = 13.0;
				MTL_ENABLE_DEBUG_INFO = INCLUDE_SOURCE;
				MTL_FAST_MATH = YES;
				ONLY_ACTIVE_ARCH = YES;
				SDKROOT = iphoneos;
				SWIFT_ACTIVE_COMPILATION_CONDITIONS = DEBUG;
				SWIFT_OPTIMIZATION_LEVEL = "-Onone";
			};
			name = Debug;
		};
		14E3607C28F9F360005EA69D /* Release */ = {
			isa = XCBuildConfiguration;
			buildSettings = {
				ALWAYS_SEARCH_USER_PATHS = NO;
				CLANG_ANALYZER_NONNULL = YES;
				CLANG_ANALYZER_NUMBER_OBJECT_CONVERSION = YES_AGGRESSIVE;
				CLANG_CXX_LANGUAGE_STANDARD = "gnu++20";
				CLANG_ENABLE_MODULES = YES;
				CLANG_ENABLE_OBJC_ARC = YES;
				CLANG_ENABLE_OBJC_WEAK = YES;
				CLANG_WARN_BLOCK_CAPTURE_AUTORELEASING = YES;
				CLANG_WARN_BOOL_CONVERSION = YES;
				CLANG_WARN_COMMA = YES;
				CLANG_WARN_CONSTANT_CONVERSION = YES;
				CLANG_WARN_DEPRECATED_OBJC_IMPLEMENTATIONS = YES;
				CLANG_WARN_DIRECT_OBJC_ISA_USAGE = YES_ERROR;
				CLANG_WARN_DOCUMENTATION_COMMENTS = YES;
				CLANG_WARN_EMPTY_BODY = YES;
				CLANG_WARN_ENUM_CONVERSION = YES;
				CLANG_WARN_INFINITE_RECURSION = YES;
				CLANG_WARN_INT_CONVERSION = YES;
				CLANG_WARN_NON_LITERAL_NULL_CONVERSION = YES;
				CLANG_WARN_OBJC_IMPLICIT_RETAIN_SELF = YES;
				CLANG_WARN_OBJC_LITERAL_CONVERSION = YES;
				CLANG_WARN_OBJC_ROOT_CLASS = YES_ERROR;
				CLANG_WARN_QUOTED_INCLUDE_IN_FRAMEWORK_HEADER = YES;
				CLANG_WARN_RANGE_LOOP_ANALYSIS = YES;
				CLANG_WARN_STRICT_PROTOTYPES = YES;
				CLANG_WARN_SUSPICIOUS_MOVE = YES;
				CLANG_WARN_UNGUARDED_AVAILABILITY = YES_AGGRESSIVE;
				CLANG_WARN_UNREACHABLE_CODE = YES;
				CLANG_WARN__DUPLICATE_METHOD_MATCH = YES;
				COPY_PHASE_STRIP = NO;
				DEBUG_INFORMATION_FORMAT = "dwarf-with-dsym";
				ENABLE_NS_ASSERTIONS = NO;
				ENABLE_STRICT_OBJC_MSGSEND = YES;
				ENABLE_TESTING_SEARCH_PATHS = YES;
				GCC_C_LANGUAGE_STANDARD = gnu11;
				GCC_NO_COMMON_BLOCKS = YES;
				GCC_WARN_64_TO_32_BIT_CONVERSION = YES;
				GCC_WARN_ABOUT_RETURN_TYPE = YES_ERROR;
				GCC_WARN_UNDECLARED_SELECTOR = YES;
				GCC_WARN_UNINITIALIZED_AUTOS = YES_AGGRESSIVE;
				GCC_WARN_UNUSED_FUNCTION = YES;
				GCC_WARN_UNUSED_VARIABLE = YES;
				IPHONEOS_DEPLOYMENT_TARGET = 13.0;
				MTL_ENABLE_DEBUG_INFO = NO;
				MTL_FAST_MATH = YES;
				SDKROOT = iphoneos;
				SWIFT_COMPILATION_MODE = wholemodule;
				SWIFT_OPTIMIZATION_LEVEL = "-O";
				VALIDATE_PRODUCT = YES;
			};
			name = Release;
		};
		14E3607E28F9F360005EA69D /* Debug */ = {
			isa = XCBuildConfiguration;
			buildSettings = {
				ASSETCATALOG_COMPILER_APPICON_NAME = AppIcon;
				ASSETCATALOG_COMPILER_GLOBAL_ACCENT_COLOR_NAME = AccentColor;
				CODE_SIGN_STYLE = Automatic;
				CURRENT_PROJECT_VERSION = 1;
				ENABLE_TESTING_SEARCH_PATHS = YES;
				GENERATE_INFOPLIST_FILE = YES;
				INFOPLIST_FILE = "Tweet-Counter/Resources/Plist files/Info.plist";
				INFOPLIST_KEY_UIApplicationSupportsIndirectInputEvents = YES;
				INFOPLIST_KEY_UILaunchStoryboardName = LaunchScreen;
				INFOPLIST_KEY_UIMainStoryboardFile = Main;
				INFOPLIST_KEY_UISupportedInterfaceOrientations = UIInterfaceOrientationPortrait;
				LD_RUNPATH_SEARCH_PATHS = (
					"$(inherited)",
					"@executable_path/Frameworks",
				);
				MARKETING_VERSION = 1.0;
				PRODUCT_BUNDLE_IDENTIFIER = "omar3alaa.Tweet-Counter";
				PRODUCT_NAME = "$(TARGET_NAME)";
				SWIFT_EMIT_LOC_STRINGS = YES;
				SWIFT_VERSION = 5.0;
				TARGETED_DEVICE_FAMILY = "1,2";
			};
			name = Debug;
		};
		14E3607F28F9F360005EA69D /* Release */ = {
			isa = XCBuildConfiguration;
			buildSettings = {
				ASSETCATALOG_COMPILER_APPICON_NAME = AppIcon;
				ASSETCATALOG_COMPILER_GLOBAL_ACCENT_COLOR_NAME = AccentColor;
				CODE_SIGN_STYLE = Automatic;
				CURRENT_PROJECT_VERSION = 1;
				ENABLE_TESTING_SEARCH_PATHS = YES;
				GENERATE_INFOPLIST_FILE = YES;
				INFOPLIST_FILE = "Tweet-Counter/Resources/Plist files/Info.plist";
				INFOPLIST_KEY_UIApplicationSupportsIndirectInputEvents = YES;
				INFOPLIST_KEY_UILaunchStoryboardName = LaunchScreen;
				INFOPLIST_KEY_UIMainStoryboardFile = Main;
				INFOPLIST_KEY_UISupportedInterfaceOrientations = UIInterfaceOrientationPortrait;
				LD_RUNPATH_SEARCH_PATHS = (
					"$(inherited)",
					"@executable_path/Frameworks",
				);
				MARKETING_VERSION = 1.0;
				PRODUCT_BUNDLE_IDENTIFIER = "omar3alaa.Tweet-Counter";
				PRODUCT_NAME = "$(TARGET_NAME)";
				SWIFT_EMIT_LOC_STRINGS = YES;
				SWIFT_VERSION = 5.0;
				TARGETED_DEVICE_FAMILY = "1,2";
			};
			name = Release;
		};
		14E3608128F9F360005EA69D /* Debug */ = {
			isa = XCBuildConfiguration;
			buildSettings = {
				ALWAYS_EMBED_SWIFT_STANDARD_LIBRARIES = YES;
				BUNDLE_LOADER = "$(TEST_HOST)";
				CODE_SIGN_STYLE = Automatic;
				CURRENT_PROJECT_VERSION = 1;
				GENERATE_INFOPLIST_FILE = YES;
				IPHONEOS_DEPLOYMENT_TARGET = 13.0;
				MARKETING_VERSION = 1.0;
				PRODUCT_BUNDLE_IDENTIFIER = "omar3alaa.Tweet-CounterTests";
				PRODUCT_NAME = "$(TARGET_NAME)";
				SWIFT_EMIT_LOC_STRINGS = NO;
				SWIFT_VERSION = 5.0;
				TARGETED_DEVICE_FAMILY = "1,2";
				TEST_HOST = "$(BUILT_PRODUCTS_DIR)/Tweet-Counter.app/$(BUNDLE_EXECUTABLE_FOLDER_PATH)/Tweet-Counter";
			};
			name = Debug;
		};
		14E3608228F9F360005EA69D /* Release */ = {
			isa = XCBuildConfiguration;
			buildSettings = {
				ALWAYS_EMBED_SWIFT_STANDARD_LIBRARIES = YES;
				BUNDLE_LOADER = "$(TEST_HOST)";
				CODE_SIGN_STYLE = Automatic;
				CURRENT_PROJECT_VERSION = 1;
				GENERATE_INFOPLIST_FILE = YES;
				IPHONEOS_DEPLOYMENT_TARGET = 13.0;
				MARKETING_VERSION = 1.0;
				PRODUCT_BUNDLE_IDENTIFIER = "omar3alaa.Tweet-CounterTests";
				PRODUCT_NAME = "$(TARGET_NAME)";
				SWIFT_EMIT_LOC_STRINGS = NO;
				SWIFT_VERSION = 5.0;
				TARGETED_DEVICE_FAMILY = "1,2";
				TEST_HOST = "$(BUILT_PRODUCTS_DIR)/Tweet-Counter.app/$(BUNDLE_EXECUTABLE_FOLDER_PATH)/Tweet-Counter";
			};
			name = Release;
		};
/* End XCBuildConfiguration section */

/* Begin XCConfigurationList section */
		14E3604E28F9F35E005EA69D /* Build configuration list for PBXProject "Tweet-Counter" */ = {
			isa = XCConfigurationList;
			buildConfigurations = (
				14E3607B28F9F360005EA69D /* Debug */,
				14E3607C28F9F360005EA69D /* Release */,
			);
			defaultConfigurationIsVisible = 0;
			defaultConfigurationName = Release;
		};
		14E3607D28F9F360005EA69D /* Build configuration list for PBXNativeTarget "Tweet-Counter" */ = {
			isa = XCConfigurationList;
			buildConfigurations = (
				14E3607E28F9F360005EA69D /* Debug */,
				14E3607F28F9F360005EA69D /* Release */,
			);
			defaultConfigurationIsVisible = 0;
			defaultConfigurationName = Release;
		};
		14E3608028F9F360005EA69D /* Build configuration list for PBXNativeTarget "Tweet-CounterTests" */ = {
			isa = XCConfigurationList;
			buildConfigurations = (
				14E3608128F9F360005EA69D /* Debug */,
				14E3608228F9F360005EA69D /* Release */,
			);
			defaultConfigurationIsVisible = 0;
			defaultConfigurationName = Release;
		};
/* End XCConfigurationList section */

/* Begin XCRemoteSwiftPackageReference section */
		1403415B28FABACE00C1311D /* XCRemoteSwiftPackageReference "RxSwift" */ = {
			isa = XCRemoteSwiftPackageReference;
			repositoryURL = "https://github.com/ReactiveX/RxSwift.git";
			requirement = {
				kind = upToNextMajorVersion;
				minimumVersion = 6.5.0;
			};
		};
/* End XCRemoteSwiftPackageReference section */

/* Begin XCSwiftPackageProductDependency section */
		1403417A28FABC1500C1311D /* RxSwift */ = {
			isa = XCSwiftPackageProductDependency;
			package = 1403415B28FABACE00C1311D /* XCRemoteSwiftPackageReference "RxSwift" */;
			productName = RxSwift;
		};
		1403417C28FABC2200C1311D /* RxCocoa */ = {
			isa = XCSwiftPackageProductDependency;
			package = 1403415B28FABACE00C1311D /* XCRemoteSwiftPackageReference "RxSwift" */;
			productName = RxCocoa;
		};
/* End XCSwiftPackageProductDependency section */
	};
	rootObject = 14E3604B28F9F35E005EA69D /* Project object */;
}
