// !$*UTF8*$!
{
	archiveVersion = 1;
	classes = {
	};
	objectVersion = 56;
	objects = {

/* Begin PBXBuildFile section */
		1403418D28FAD89E00C1311D /* TweetCounterViewController.swift in Sources */ = {isa = PBXBuildFile; fileRef = 1403418B28FAD89E00C1311D /* TweetCounterViewController.swift */; };
		1403418E28FAD89E00C1311D /* TweetCounterViewController.xib in Resources */ = {isa = PBXBuildFile; fileRef = 1403418C28FAD89E00C1311D /* TweetCounterViewController.xib */; };
		1438206628FC31F30074D326 /* TweetCounterUtilities in Frameworks */ = {isa = PBXBuildFile; productRef = 1438206528FC31F30074D326 /* TweetCounterUtilities */; };
		1438206A28FC32E80074D326 /* TweetCounterUIComponents in Frameworks */ = {isa = PBXBuildFile; productRef = 1438206928FC32E80074D326 /* TweetCounterUIComponents */; };
		1438206F28FC43800074D326 /* Constants.swift in Sources */ = {isa = PBXBuildFile; fileRef = 1438206E28FC43800074D326 /* Constants.swift */; };
		1438207628FC66D30074D326 /* OAuthSwift in Frameworks */ = {isa = PBXBuildFile; productRef = 1438207528FC66D30074D326 /* OAuthSwift */; };
		1438207D28FCB7A50074D326 /* TweetCounterRootPresenter.swift in Sources */ = {isa = PBXBuildFile; fileRef = 1438207C28FCB7A50074D326 /* TweetCounterRootPresenter.swift */; };
		1438207F28FCB7C40074D326 /* TweetCounterRootBuilder.swift in Sources */ = {isa = PBXBuildFile; fileRef = 1438207E28FCB7C40074D326 /* TweetCounterRootBuilder.swift */; };
		1438208128FCB7D10074D326 /* TweetCounterRootProtocols.swift in Sources */ = {isa = PBXBuildFile; fileRef = 1438208028FCB7D10074D326 /* TweetCounterRootProtocols.swift */; };
		1438208328FCBAD50074D326 /* AuthorizeTwitterInteractor.swift in Sources */ = {isa = PBXBuildFile; fileRef = 1438208228FCBAD50074D326 /* AuthorizeTwitterInteractor.swift */; };
		1438208528FCBC170074D326 /* TwitterAuthorizationService.swift in Sources */ = {isa = PBXBuildFile; fileRef = 1438208428FCBC170074D326 /* TwitterAuthorizationService.swift */; };
		1438208728FCC0A10074D326 /* PostTweetInteractor.swift in Sources */ = {isa = PBXBuildFile; fileRef = 1438208628FCC0A10074D326 /* PostTweetInteractor.swift */; };
		1438208C28FCC12B0074D326 /* TweetPostService.swift in Sources */ = {isa = PBXBuildFile; fileRef = 1438208B28FCC12B0074D326 /* TweetPostService.swift */; };
		1438208F28FCC17F0074D326 /* Oauth1.swift in Sources */ = {isa = PBXBuildFile; fileRef = 1438208E28FCC17F0074D326 /* Oauth1.swift */; };
		14E3605728F9F35E005EA69D /* AppDelegate.swift in Sources */ = {isa = PBXBuildFile; fileRef = 14E3605628F9F35E005EA69D /* AppDelegate.swift */; };
		14E3606028F9F360005EA69D /* Assets.xcassets in Resources */ = {isa = PBXBuildFile; fileRef = 14E3605F28F9F360005EA69D /* Assets.xcassets */; };
		14E3606328F9F360005EA69D /* LaunchScreen.storyboard in Resources */ = {isa = PBXBuildFile; fileRef = 14E3606128F9F360005EA69D /* LaunchScreen.storyboard */; };
		14E3606E28F9F360005EA69D /* Tweet_CounterTests.swift in Sources */ = {isa = PBXBuildFile; fileRef = 14E3606D28F9F360005EA69D /* Tweet_CounterTests.swift */; };
/* End PBXBuildFile section */

/* Begin PBXContainerItemProxy section */
		14E3606A28F9F360005EA69D /* PBXContainerItemProxy */ = {
			isa = PBXContainerItemProxy;
			containerPortal = 14E3604B28F9F35E005EA69D /* Project object */;
			proxyType = 1;
			remoteGlobalIDString = 14E3605228F9F35E005EA69D;
			remoteInfo = "Tweet-Counter";
		};
/* End PBXContainerItemProxy section */

/* Begin PBXCopyFilesBuildPhase section */
		1403417028FABB8700C1311D /* Embed Frameworks */ = {
			isa = PBXCopyFilesBuildPhase;
			buildActionMask = 2147483647;
			dstPath = "";
			dstSubfolderSpec = 10;
			files = (
			);
			name = "Embed Frameworks";
			runOnlyForDeploymentPostprocessing = 0;
		};
/* End PBXCopyFilesBuildPhase section */

/* Begin PBXFileReference section */
		1403418B28FAD89E00C1311D /* TweetCounterViewController.swift */ = {isa = PBXFileReference; lastKnownFileType = sourcecode.swift; path = TweetCounterViewController.swift; sourceTree = "<group>"; };
		1403418C28FAD89E00C1311D /* TweetCounterViewController.xib */ = {isa = PBXFileReference; lastKnownFileType = file.xib; path = TweetCounterViewController.xib; sourceTree = "<group>"; };
		142D525328FC01AF004BC011 /* TweetCounterUIComponents */ = {isa = PBXFileReference; lastKnownFileType = wrapper; path = TweetCounterUIComponents; sourceTree = "<group>"; };
		142D525428FC01BB004BC011 /* TweetCounterUtilities */ = {isa = PBXFileReference; lastKnownFileType = wrapper; path = TweetCounterUtilities; sourceTree = "<group>"; };
		1438206E28FC43800074D326 /* Constants.swift */ = {isa = PBXFileReference; lastKnownFileType = sourcecode.swift; path = Constants.swift; sourceTree = "<group>"; };
		1438207C28FCB7A50074D326 /* TweetCounterRootPresenter.swift */ = {isa = PBXFileReference; lastKnownFileType = sourcecode.swift; path = TweetCounterRootPresenter.swift; sourceTree = "<group>"; };
		1438207E28FCB7C40074D326 /* TweetCounterRootBuilder.swift */ = {isa = PBXFileReference; lastKnownFileType = sourcecode.swift; path = TweetCounterRootBuilder.swift; sourceTree = "<group>"; };
		1438208028FCB7D10074D326 /* TweetCounterRootProtocols.swift */ = {isa = PBXFileReference; lastKnownFileType = sourcecode.swift; path = TweetCounterRootProtocols.swift; sourceTree = "<group>"; };
		1438208228FCBAD50074D326 /* AuthorizeTwitterInteractor.swift */ = {isa = PBXFileReference; lastKnownFileType = sourcecode.swift; path = AuthorizeTwitterInteractor.swift; sourceTree = "<group>"; };
		1438208428FCBC170074D326 /* TwitterAuthorizationService.swift */ = {isa = PBXFileReference; lastKnownFileType = sourcecode.swift; path = TwitterAuthorizationService.swift; sourceTree = "<group>"; };
		1438208628FCC0A10074D326 /* PostTweetInteractor.swift */ = {isa = PBXFileReference; lastKnownFileType = sourcecode.swift; path = PostTweetInteractor.swift; sourceTree = "<group>"; };
		1438208B28FCC12B0074D326 /* TweetPostService.swift */ = {isa = PBXFileReference; lastKnownFileType = sourcecode.swift; path = TweetPostService.swift; sourceTree = "<group>"; };
		1438208E28FCC17F0074D326 /* Oauth1.swift */ = {isa = PBXFileReference; lastKnownFileType = sourcecode.swift; path = Oauth1.swift; sourceTree = "<group>"; };
		14E3605328F9F35E005EA69D /* Tweet-Counter.app */ = {isa = PBXFileReference; explicitFileType = wrapper.application; includeInIndex = 0; path = "Tweet-Counter.app"; sourceTree = BUILT_PRODUCTS_DIR; };
		14E3605628F9F35E005EA69D /* AppDelegate.swift */ = {isa = PBXFileReference; lastKnownFileType = sourcecode.swift; path = AppDelegate.swift; sourceTree = "<group>"; };
		14E3605F28F9F360005EA69D /* Assets.xcassets */ = {isa = PBXFileReference; lastKnownFileType = folder.assetcatalog; path = Assets.xcassets; sourceTree = "<group>"; };
		14E3606228F9F360005EA69D /* Base */ = {isa = PBXFileReference; lastKnownFileType = file.storyboard; name = Base; path = Base.lproj/LaunchScreen.storyboard; sourceTree = "<group>"; };
		14E3606428F9F360005EA69D /* Info.plist */ = {isa = PBXFileReference; lastKnownFileType = text.plist.xml; path = Info.plist; sourceTree = "<group>"; };
		14E3606928F9F360005EA69D /* Tweet-CounterTests.xctest */ = {isa = PBXFileReference; explicitFileType = wrapper.cfbundle; includeInIndex = 0; path = "Tweet-CounterTests.xctest"; sourceTree = BUILT_PRODUCTS_DIR; };
		14E3606D28F9F360005EA69D /* Tweet_CounterTests.swift */ = {isa = PBXFileReference; lastKnownFileType = sourcecode.swift; path = Tweet_CounterTests.swift; sourceTree = "<group>"; };
/* End PBXFileReference section */

/* Begin PBXFrameworksBuildPhase section */
		14E3605028F9F35E005EA69D /* Frameworks */ = {
			isa = PBXFrameworksBuildPhase;
			buildActionMask = 2147483647;
			files = (
				1438206628FC31F30074D326 /* TweetCounterUtilities in Frameworks */,
				1438206A28FC32E80074D326 /* TweetCounterUIComponents in Frameworks */,
				1438207628FC66D30074D326 /* OAuthSwift in Frameworks */,
			);
			runOnlyForDeploymentPostprocessing = 0;
		};
		14E3606628F9F360005EA69D /* Frameworks */ = {
			isa = PBXFrameworksBuildPhase;
			buildActionMask = 2147483647;
			files = (
			);
			runOnlyForDeploymentPostprocessing = 0;
		};
/* End PBXFrameworksBuildPhase section */

/* Begin PBXGroup section */
		1403416228FABB4600C1311D /* Frameworks */ = {
			isa = PBXGroup;
			children = (
			);
			name = Frameworks;
			sourceTree = "<group>";
		};
		1403418A28FAD88100C1311D /* Tweet counter */ = {
			isa = PBXGroup;
			children = (
				1438207728FCB7700074D326 /* View */,
				1438207828FCB7780074D326 /* Presenter */,
				1438207928FCB77C0074D326 /* Interactors */,
				1438207A28FCB7810074D326 /* Builder */,
				1438207B28FCB7880074D326 /* Protocols */,
			);
			path = "Tweet counter";
			sourceTree = "<group>";
		};
		140341A428FB429900C1311D /* App Delegate */ = {
			isa = PBXGroup;
			children = (
				14E3605628F9F35E005EA69D /* AppDelegate.swift */,
			);
			path = "App Delegate";
			sourceTree = "<group>";
		};
		142D525228FC01AF004BC011 /* Packages */ = {
			isa = PBXGroup;
			children = (
				142D525328FC01AF004BC011 /* TweetCounterUIComponents */,
				142D525428FC01BB004BC011 /* TweetCounterUtilities */,
			);
			name = Packages;
			sourceTree = "<group>";
		};
		1438206B28FC43540074D326 /* Network */ = {
			isa = PBXGroup;
			children = (
				1438208828FCC10C0074D326 /* Tweet post */,
				1438206C28FC435D0074D326 /* Twitter authorization  */,
			);
			path = Network;
			sourceTree = "<group>";
		};
		1438206C28FC435D0074D326 /* Twitter authorization  */ = {
			isa = PBXGroup;
			children = (
				1438208928FCC1180074D326 /* Service */,
			);
			path = "Twitter authorization ";
			sourceTree = "<group>";
		};
		1438206D28FC436C0074D326 /* Constants */ = {
			isa = PBXGroup;
			children = (
				1438206E28FC43800074D326 /* Constants.swift */,
			);
			path = Constants;
			sourceTree = "<group>";
		};
		1438207728FCB7700074D326 /* View */ = {
			isa = PBXGroup;
			children = (
				1403418B28FAD89E00C1311D /* TweetCounterViewController.swift */,
				1403418C28FAD89E00C1311D /* TweetCounterViewController.xib */,
			);
			path = View;
			sourceTree = "<group>";
		};
		1438207828FCB7780074D326 /* Presenter */ = {
			isa = PBXGroup;
			children = (
				1438207C28FCB7A50074D326 /* TweetCounterRootPresenter.swift */,
			);
			path = Presenter;
			sourceTree = "<group>";
		};
		1438207928FCB77C0074D326 /* Interactors */ = {
			isa = PBXGroup;
			children = (
				1438208228FCBAD50074D326 /* AuthorizeTwitterInteractor.swift */,
				1438208628FCC0A10074D326 /* PostTweetInteractor.swift */,
			);
			path = Interactors;
			sourceTree = "<group>";
		};
		1438207A28FCB7810074D326 /* Builder */ = {
			isa = PBXGroup;
			children = (
				1438207E28FCB7C40074D326 /* TweetCounterRootBuilder.swift */,
			);
			path = Builder;
			sourceTree = "<group>";
		};
		1438207B28FCB7880074D326 /* Protocols */ = {
			isa = PBXGroup;
			children = (
				1438208028FCB7D10074D326 /* TweetCounterRootProtocols.swift */,
			);
			path = Protocols;
			sourceTree = "<group>";
		};
		1438208828FCC10C0074D326 /* Tweet post */ = {
			isa = PBXGroup;
			children = (
				1438208A28FCC11D0074D326 /* Service */,
			);
			path = "Tweet post";
			sourceTree = "<group>";
		};
		1438208928FCC1180074D326 /* Service */ = {
			isa = PBXGroup;
			children = (
				1438208428FCBC170074D326 /* TwitterAuthorizationService.swift */,
			);
			path = Service;
			sourceTree = "<group>";
		};
		1438208A28FCC11D0074D326 /* Service */ = {
			isa = PBXGroup;
			children = (
				1438208B28FCC12B0074D326 /* TweetPostService.swift */,
			);
			path = Service;
			sourceTree = "<group>";
		};
		1438208D28FCC16F0074D326 /* Shared instances */ = {
			isa = PBXGroup;
			children = (
				1438208E28FCC17F0074D326 /* Oauth1.swift */,
			);
			path = "Shared instances";
			sourceTree = "<group>";
		};
		14E3604A28F9F35E005EA69D = {
			isa = PBXGroup;
			children = (
				14E3605528F9F35E005EA69D /* Tweet-Counter */,
				14E3606C28F9F360005EA69D /* Tweet-CounterTests */,
				142D525228FC01AF004BC011 /* Packages */,
				14E3605428F9F35E005EA69D /* Products */,
				1403416228FABB4600C1311D /* Frameworks */,
			);
			sourceTree = "<group>";
		};
		14E3605428F9F35E005EA69D /* Products */ = {
			isa = PBXGroup;
			children = (
				14E3605328F9F35E005EA69D /* Tweet-Counter.app */,
				14E3606928F9F360005EA69D /* Tweet-CounterTests.xctest */,
			);
			name = Products;
			sourceTree = "<group>";
		};
		14E3605528F9F35E005EA69D /* Tweet-Counter */ = {
			isa = PBXGroup;
			children = (
				1438206B28FC43540074D326 /* Network */,
				14F5F9B528FA98FB00E99AD4 /* Modules */,
				14F5F9B128FA98B800E99AD4 /* Resources */,
				14F5F9B028FA98AE00E99AD4 /* Core */,
			);
			path = "Tweet-Counter";
			sourceTree = "<group>";
		};
		14E3606C28F9F360005EA69D /* Tweet-CounterTests */ = {
			isa = PBXGroup;
			children = (
				14E3606D28F9F360005EA69D /* Tweet_CounterTests.swift */,
			);
			path = "Tweet-CounterTests";
			sourceTree = "<group>";
		};
		14F5F9B028FA98AE00E99AD4 /* Core */ = {
			isa = PBXGroup;
			children = (
				1438208D28FCC16F0074D326 /* Shared instances */,
				1438206D28FC436C0074D326 /* Constants */,
				140341A428FB429900C1311D /* App Delegate */,
			);
			path = Core;
			sourceTree = "<group>";
		};
		14F5F9B128FA98B800E99AD4 /* Resources */ = {
			isa = PBXGroup;
			children = (
				14F5F9B428FA98EE00E99AD4 /* Plist files */,
				14F5F9B328FA98CF00E99AD4 /* Xibs */,
				14F5F9B228FA98C200E99AD4 /* Assets */,
			);
			path = Resources;
			sourceTree = "<group>";
		};
		14F5F9B228FA98C200E99AD4 /* Assets */ = {
			isa = PBXGroup;
			children = (
				14E3605F28F9F360005EA69D /* Assets.xcassets */,
			);
			path = Assets;
			sourceTree = "<group>";
		};
		14F5F9B328FA98CF00E99AD4 /* Xibs */ = {
			isa = PBXGroup;
			children = (
				14E3606128F9F360005EA69D /* LaunchScreen.storyboard */,
			);
			path = Xibs;
			sourceTree = "<group>";
		};
		14F5F9B428FA98EE00E99AD4 /* Plist files */ = {
			isa = PBXGroup;
			children = (
				14E3606428F9F360005EA69D /* Info.plist */,
			);
			path = "Plist files";
			sourceTree = "<group>";
		};
		14F5F9B528FA98FB00E99AD4 /* Modules */ = {
			isa = PBXGroup;
			children = (
				1403418A28FAD88100C1311D /* Tweet counter */,
			);
			path = Modules;
			sourceTree = "<group>";
		};
/* End PBXGroup section */

/* Begin PBXNativeTarget section */
		14E3605228F9F35E005EA69D /* Tweet-Counter */ = {
			isa = PBXNativeTarget;
			buildConfigurationList = 14E3607D28F9F360005EA69D /* Build configuration list for PBXNativeTarget "Tweet-Counter" */;
			buildPhases = (
				14E3604F28F9F35E005EA69D /* Sources */,
				14E3605028F9F35E005EA69D /* Frameworks */,
				14E3605128F9F35E005EA69D /* Resources */,
				1403417028FABB8700C1311D /* Embed Frameworks */,
			);
			buildRules = (
			);
			dependencies = (
			);
			name = "Tweet-Counter";
			packageProductDependencies = (
				1438206528FC31F30074D326 /* TweetCounterUtilities */,
				1438206928FC32E80074D326 /* TweetCounterUIComponents */,
				1438207528FC66D30074D326 /* OAuthSwift */,
			);
			productName = "Tweet-Counter";
			productReference = 14E3605328F9F35E005EA69D /* Tweet-Counter.app */;
			productType = "com.apple.product-type.application";
		};
		14E3606828F9F360005EA69D /* Tweet-CounterTests */ = {
			isa = PBXNativeTarget;
			buildConfigurationList = 14E3608028F9F360005EA69D /* Build configuration list for PBXNativeTarget "Tweet-CounterTests" */;
			buildPhases = (
				14E3606528F9F360005EA69D /* Sources */,
				14E3606628F9F360005EA69D /* Frameworks */,
				14E3606728F9F360005EA69D /* Resources */,
			);
			buildRules = (
			);
			dependencies = (
				14E3606B28F9F360005EA69D /* PBXTargetDependency */,
			);
			name = "Tweet-CounterTests";
			productName = "Tweet-CounterTests";
			productReference = 14E3606928F9F360005EA69D /* Tweet-CounterTests.xctest */;
			productType = "com.apple.product-type.bundle.unit-test";
		};
/* End PBXNativeTarget section */

/* Begin PBXProject section */
		14E3604B28F9F35E005EA69D /* Project object */ = {
			isa = PBXProject;
			attributes = {
				BuildIndependentTargetsInParallel = 1;
				LastSwiftUpdateCheck = 1400;
				LastUpgradeCheck = 1400;
				TargetAttributes = {
					14E3605228F9F35E005EA69D = {
						CreatedOnToolsVersion = 14.0.1;
						LastSwiftMigration = 1400;
					};
					14E3606828F9F360005EA69D = {
						CreatedOnToolsVersion = 14.0.1;
						TestTargetID = 14E3605228F9F35E005EA69D;
					};
				};
			};
			buildConfigurationList = 14E3604E28F9F35E005EA69D /* Build configuration list for PBXProject "Tweet-Counter" */;
			compatibilityVersion = "Xcode 14.0";
			developmentRegion = en;
			hasScannedForEncodings = 0;
			knownRegions = (
				en,
				Base,
			);
			mainGroup = 14E3604A28F9F35E005EA69D;
			packageReferences = (
				1438207428FC66D30074D326 /* XCRemoteSwiftPackageReference "OAuthSwift" */,
			);
			productRefGroup = 14E3605428F9F35E005EA69D /* Products */;
			projectDirPath = "";
			projectRoot = "";
			targets = (
				14E3605228F9F35E005EA69D /* Tweet-Counter */,
				14E3606828F9F360005EA69D /* Tweet-CounterTests */,
			);
		};
/* End PBXProject section */

/* Begin PBXResourcesBuildPhase section */
		14E3605128F9F35E005EA69D /* Resources */ = {
			isa = PBXResourcesBuildPhase;
			buildActionMask = 2147483647;
			files = (
				14E3606328F9F360005EA69D /* LaunchScreen.storyboard in Resources */,
				1403418E28FAD89E00C1311D /* TweetCounterViewController.xib in Resources */,
				14E3606028F9F360005EA69D /* Assets.xcassets in Resources */,
			);
			runOnlyForDeploymentPostprocessing = 0;
		};
		14E3606728F9F360005EA69D /* Resources */ = {
			isa = PBXResourcesBuildPhase;
			buildActionMask = 2147483647;
			files = (
			);
			runOnlyForDeploymentPostprocessing = 0;
		};
/* End PBXResourcesBuildPhase section */

/* Begin PBXSourcesBuildPhase section */
		14E3604F28F9F35E005EA69D /* Sources */ = {
			isa = PBXSourcesBuildPhase;
			buildActionMask = 2147483647;
			files = (
				1438207F28FCB7C40074D326 /* TweetCounterRootBuilder.swift in Sources */,
				1403418D28FAD89E00C1311D /* TweetCounterViewController.swift in Sources */,
				14E3605728F9F35E005EA69D /* AppDelegate.swift in Sources */,
				1438208528FCBC170074D326 /* TwitterAuthorizationService.swift in Sources */,
				1438208F28FCC17F0074D326 /* Oauth1.swift in Sources */,
				1438206F28FC43800074D326 /* Constants.swift in Sources */,
				1438208C28FCC12B0074D326 /* TweetPostService.swift in Sources */,
				1438208728FCC0A10074D326 /* PostTweetInteractor.swift in Sources */,
				1438208328FCBAD50074D326 /* AuthorizeTwitterInteractor.swift in Sources */,
				1438208128FCB7D10074D326 /* TweetCounterRootProtocols.swift in Sources */,
				1438207D28FCB7A50074D326 /* TweetCounterRootPresenter.swift in Sources */,
			);
			runOnlyForDeploymentPostprocessing = 0;
		};
		14E3606528F9F360005EA69D /* Sources */ = {
			isa = PBXSourcesBuildPhase;
			buildActionMask = 2147483647;
			files = (
				14E3606E28F9F360005EA69D /* Tweet_CounterTests.swift in Sources */,
			);
			runOnlyForDeploymentPostprocessing = 0;
		};
/* End PBXSourcesBuildPhase section */

/* Begin PBXTargetDependency section */
		14E3606B28F9F360005EA69D /* PBXTargetDependency */ = {
			isa = PBXTargetDependency;
			target = 14E3605228F9F35E005EA69D /* Tweet-Counter */;
			targetProxy = 14E3606A28F9F360005EA69D /* PBXContainerItemProxy */;
		};
/* End PBXTargetDependency section */

/* Begin PBXVariantGroup section */
		14E3606128F9F360005EA69D /* LaunchScreen.storyboard */ = {
			isa = PBXVariantGroup;
			children = (
				14E3606228F9F360005EA69D /* Base */,
			);
			name = LaunchScreen.storyboard;
			sourceTree = "<group>";
		};
/* End PBXVariantGroup section */

/* Begin XCBuildConfiguration section */
		14E3607B28F9F360005EA69D /* Debug */ = {
			isa = XCBuildConfiguration;
			buildSettings = {
				ALWAYS_SEARCH_USER_PATHS = NO;
				CLANG_ANALYZER_NONNULL = YES;
				CLANG_ANALYZER_NUMBER_OBJECT_CONVERSION = YES_AGGRESSIVE;
				CLANG_CXX_LANGUAGE_STANDARD = "gnu++20";
				CLANG_ENABLE_MODULES = YES;
				CLANG_ENABLE_OBJC_ARC = YES;
				CLANG_ENABLE_OBJC_WEAK = YES;
				CLANG_WARN_BLOCK_CAPTURE_AUTORELEASING = YES;
				CLANG_WARN_BOOL_CONVERSION = YES;
				CLANG_WARN_COMMA = YES;
				CLANG_WARN_CONSTANT_CONVERSION = YES;
				CLANG_WARN_DEPRECATED_OBJC_IMPLEMENTATIONS = YES;
				CLANG_WARN_DIRECT_OBJC_ISA_USAGE = YES_ERROR;
				CLANG_WARN_DOCUMENTATION_COMMENTS = YES;
				CLANG_WARN_EMPTY_BODY = YES;
				CLANG_WARN_ENUM_CONVERSION = YES;
				CLANG_WARN_INFINITE_RECURSION = YES;
				CLANG_WARN_INT_CONVERSION = YES;
				CLANG_WARN_NON_LITERAL_NULL_CONVERSION = YES;
				CLANG_WARN_OBJC_IMPLICIT_RETAIN_SELF = YES;
				CLANG_WARN_OBJC_LITERAL_CONVERSION = YES;
				CLANG_WARN_OBJC_ROOT_CLASS = YES_ERROR;
				CLANG_WARN_QUOTED_INCLUDE_IN_FRAMEWORK_HEADER = YES;
				CLANG_WARN_RANGE_LOOP_ANALYSIS = YES;
				CLANG_WARN_STRICT_PROTOTYPES = YES;
				CLANG_WARN_SUSPICIOUS_MOVE = YES;
				CLANG_WARN_UNGUARDED_AVAILABILITY = YES_AGGRESSIVE;
				CLANG_WARN_UNREACHABLE_CODE = YES;
				CLANG_WARN__DUPLICATE_METHOD_MATCH = YES;
				COPY_PHASE_STRIP = NO;
				DEBUG_INFORMATION_FORMAT = dwarf;
				ENABLE_STRICT_OBJC_MSGSEND = YES;
				ENABLE_TESTABILITY = YES;
				ENABLE_TESTING_SEARCH_PATHS = YES;
				GCC_C_LANGUAGE_STANDARD = gnu11;
				GCC_DYNAMIC_NO_PIC = NO;
				GCC_NO_COMMON_BLOCKS = YES;
				GCC_OPTIMIZATION_LEVEL = 0;
				GCC_PREPROCESSOR_DEFINITIONS = (
					"DEBUG=1",
					"$(inherited)",
				);
				GCC_WARN_64_TO_32_BIT_CONVERSION = YES;
				GCC_WARN_ABOUT_RETURN_TYPE = YES_ERROR;
				GCC_WARN_UNDECLARED_SELECTOR = YES;
				GCC_WARN_UNINITIALIZED_AUTOS = YES_AGGRESSIVE;
				GCC_WARN_UNUSED_FUNCTION = YES;
				GCC_WARN_UNUSED_VARIABLE = YES;
				IPHONEOS_DEPLOYMENT_TARGET = 13.0;
				MTL_ENABLE_DEBUG_INFO = INCLUDE_SOURCE;
				MTL_FAST_MATH = YES;
				ONLY_ACTIVE_ARCH = YES;
				SDKROOT = iphoneos;
				SWIFT_ACTIVE_COMPILATION_CONDITIONS = DEBUG;
				SWIFT_OPTIMIZATION_LEVEL = "-Onone";
			};
			name = Debug;
		};
		14E3607C28F9F360005EA69D /* Release */ = {
			isa = XCBuildConfiguration;
			buildSettings = {
				ALWAYS_SEARCH_USER_PATHS = NO;
				CLANG_ANALYZER_NONNULL = YES;
				CLANG_ANALYZER_NUMBER_OBJECT_CONVERSION = YES_AGGRESSIVE;
				CLANG_CXX_LANGUAGE_STANDARD = "gnu++20";
				CLANG_ENABLE_MODULES = YES;
				CLANG_ENABLE_OBJC_ARC = YES;
				CLANG_ENABLE_OBJC_WEAK = YES;
				CLANG_WARN_BLOCK_CAPTURE_AUTORELEASING = YES;
				CLANG_WARN_BOOL_CONVERSION = YES;
				CLANG_WARN_COMMA = YES;
				CLANG_WARN_CONSTANT_CONVERSION = YES;
				CLANG_WARN_DEPRECATED_OBJC_IMPLEMENTATIONS = YES;
				CLANG_WARN_DIRECT_OBJC_ISA_USAGE = YES_ERROR;
				CLANG_WARN_DOCUMENTATION_COMMENTS = YES;
				CLANG_WARN_EMPTY_BODY = YES;
				CLANG_WARN_ENUM_CONVERSION = YES;
				CLANG_WARN_INFINITE_RECURSION = YES;
				CLANG_WARN_INT_CONVERSION = YES;
				CLANG_WARN_NON_LITERAL_NULL_CONVERSION = YES;
				CLANG_WARN_OBJC_IMPLICIT_RETAIN_SELF = YES;
				CLANG_WARN_OBJC_LITERAL_CONVERSION = YES;
				CLANG_WARN_OBJC_ROOT_CLASS = YES_ERROR;
				CLANG_WARN_QUOTED_INCLUDE_IN_FRAMEWORK_HEADER = YES;
				CLANG_WARN_RANGE_LOOP_ANALYSIS = YES;
				CLANG_WARN_STRICT_PROTOTYPES = YES;
				CLANG_WARN_SUSPICIOUS_MOVE = YES;
				CLANG_WARN_UNGUARDED_AVAILABILITY = YES_AGGRESSIVE;
				CLANG_WARN_UNREACHABLE_CODE = YES;
				CLANG_WARN__DUPLICATE_METHOD_MATCH = YES;
				COPY_PHASE_STRIP = NO;
				DEBUG_INFORMATION_FORMAT = "dwarf-with-dsym";
				ENABLE_NS_ASSERTIONS = NO;
				ENABLE_STRICT_OBJC_MSGSEND = YES;
				ENABLE_TESTING_SEARCH_PATHS = YES;
				GCC_C_LANGUAGE_STANDARD = gnu11;
				GCC_NO_COMMON_BLOCKS = YES;
				GCC_WARN_64_TO_32_BIT_CONVERSION = YES;
				GCC_WARN_ABOUT_RETURN_TYPE = YES_ERROR;
				GCC_WARN_UNDECLARED_SELECTOR = YES;
				GCC_WARN_UNINITIALIZED_AUTOS = YES_AGGRESSIVE;
				GCC_WARN_UNUSED_FUNCTION = YES;
				GCC_WARN_UNUSED_VARIABLE = YES;
				IPHONEOS_DEPLOYMENT_TARGET = 13.0;
				MTL_ENABLE_DEBUG_INFO = NO;
				MTL_FAST_MATH = YES;
				SDKROOT = iphoneos;
				SWIFT_COMPILATION_MODE = wholemodule;
				SWIFT_OPTIMIZATION_LEVEL = "-O";
				VALIDATE_PRODUCT = YES;
			};
			name = Release;
		};
		14E3607E28F9F360005EA69D /* Debug */ = {
			isa = XCBuildConfiguration;
			buildSettings = {
				ASSETCATALOG_COMPILER_APPICON_NAME = AppIcon;
				ASSETCATALOG_COMPILER_GLOBAL_ACCENT_COLOR_NAME = AccentColor;
				CLANG_ENABLE_MODULES = YES;
				CODE_SIGN_STYLE = Automatic;
				CURRENT_PROJECT_VERSION = 1;
				DEVELOPMENT_TEAM = TC7T4DLWGP;
				ENABLE_TESTING_SEARCH_PATHS = YES;
				GENERATE_INFOPLIST_FILE = YES;
				INFOPLIST_FILE = "Tweet-Counter/Resources/Plist files/Info.plist";
				INFOPLIST_KEY_UIApplicationSupportsIndirectInputEvents = YES;
				INFOPLIST_KEY_UILaunchStoryboardName = LaunchScreen;
				INFOPLIST_KEY_UIMainStoryboardFile = "";
				INFOPLIST_KEY_UISupportedInterfaceOrientations = UIInterfaceOrientationPortrait;
				LD_RUNPATH_SEARCH_PATHS = (
					"$(inherited)",
					"@executable_path/Frameworks",
				);
				MARKETING_VERSION = 1.0;
				PRODUCT_BUNDLE_IDENTIFIER = "omar3alaa.Tweet-Counter";
				PRODUCT_NAME = "$(TARGET_NAME)";
				SWIFT_EMIT_LOC_STRINGS = YES;
				SWIFT_OBJC_BRIDGING_HEADER = "";
				SWIFT_OPTIMIZATION_LEVEL = "-Onone";
				SWIFT_VERSION = 5.0;
				TARGETED_DEVICE_FAMILY = "1,2";
			};
			name = Debug;
		};
		14E3607F28F9F360005EA69D /* Release */ = {
			isa = XCBuildConfiguration;
			buildSettings = {
				ASSETCATALOG_COMPILER_APPICON_NAME = AppIcon;
				ASSETCATALOG_COMPILER_GLOBAL_ACCENT_COLOR_NAME = AccentColor;
				CLANG_ENABLE_MODULES = YES;
				CODE_SIGN_STYLE = Automatic;
				CURRENT_PROJECT_VERSION = 1;
				DEVELOPMENT_TEAM = TC7T4DLWGP;
				ENABLE_TESTING_SEARCH_PATHS = YES;
				GENERATE_INFOPLIST_FILE = YES;
				INFOPLIST_FILE = "Tweet-Counter/Resources/Plist files/Info.plist";
				INFOPLIST_KEY_UIApplicationSupportsIndirectInputEvents = YES;
				INFOPLIST_KEY_UILaunchStoryboardName = LaunchScreen;
				INFOPLIST_KEY_UIMainStoryboardFile = "";
				INFOPLIST_KEY_UISupportedInterfaceOrientations = UIInterfaceOrientationPortrait;
				LD_RUNPATH_SEARCH_PATHS = (
					"$(inherited)",
					"@executable_path/Frameworks",
				);
				MARKETING_VERSION = 1.0;
				PRODUCT_BUNDLE_IDENTIFIER = "omar3alaa.Tweet-Counter";
				PRODUCT_NAME = "$(TARGET_NAME)";
				SWIFT_EMIT_LOC_STRINGS = YES;
				SWIFT_OBJC_BRIDGING_HEADER = "";
				SWIFT_VERSION = 5.0;
				TARGETED_DEVICE_FAMILY = "1,2";
			};
			name = Release;
		};
		14E3608128F9F360005EA69D /* Debug */ = {
			isa = XCBuildConfiguration;
			buildSettings = {
				ALWAYS_EMBED_SWIFT_STANDARD_LIBRARIES = YES;
				BUNDLE_LOADER = "$(TEST_HOST)";
				CODE_SIGN_STYLE = Automatic;
				CURRENT_PROJECT_VERSION = 1;
				GENERATE_INFOPLIST_FILE = YES;
				IPHONEOS_DEPLOYMENT_TARGET = 13.0;
				MARKETING_VERSION = 1.0;
				PRODUCT_BUNDLE_IDENTIFIER = "omar3alaa.Tweet-CounterTests";
				PRODUCT_NAME = "$(TARGET_NAME)";
				SWIFT_EMIT_LOC_STRINGS = NO;
				SWIFT_VERSION = 5.0;
				TARGETED_DEVICE_FAMILY = "1,2";
				TEST_HOST = "$(BUILT_PRODUCTS_DIR)/Tweet-Counter.app/$(BUNDLE_EXECUTABLE_FOLDER_PATH)/Tweet-Counter";
			};
			name = Debug;
		};
		14E3608228F9F360005EA69D /* Release */ = {
			isa = XCBuildConfiguration;
			buildSettings = {
				ALWAYS_EMBED_SWIFT_STANDARD_LIBRARIES = YES;
				BUNDLE_LOADER = "$(TEST_HOST)";
				CODE_SIGN_STYLE = Automatic;
				CURRENT_PROJECT_VERSION = 1;
				GENERATE_INFOPLIST_FILE = YES;
				IPHONEOS_DEPLOYMENT_TARGET = 13.0;
				MARKETING_VERSION = 1.0;
				PRODUCT_BUNDLE_IDENTIFIER = "omar3alaa.Tweet-CounterTests";
				PRODUCT_NAME = "$(TARGET_NAME)";
				SWIFT_EMIT_LOC_STRINGS = NO;
				SWIFT_VERSION = 5.0;
				TARGETED_DEVICE_FAMILY = "1,2";
				TEST_HOST = "$(BUILT_PRODUCTS_DIR)/Tweet-Counter.app/$(BUNDLE_EXECUTABLE_FOLDER_PATH)/Tweet-Counter";
			};
			name = Release;
		};
/* End XCBuildConfiguration section */

/* Begin XCConfigurationList section */
		14E3604E28F9F35E005EA69D /* Build configuration list for PBXProject "Tweet-Counter" */ = {
			isa = XCConfigurationList;
			buildConfigurations = (
				14E3607B28F9F360005EA69D /* Debug */,
				14E3607C28F9F360005EA69D /* Release */,
			);
			defaultConfigurationIsVisible = 0;
			defaultConfigurationName = Release;
		};
		14E3607D28F9F360005EA69D /* Build configuration list for PBXNativeTarget "Tweet-Counter" */ = {
			isa = XCConfigurationList;
			buildConfigurations = (
				14E3607E28F9F360005EA69D /* Debug */,
				14E3607F28F9F360005EA69D /* Release */,
			);
			defaultConfigurationIsVisible = 0;
			defaultConfigurationName = Release;
		};
		14E3608028F9F360005EA69D /* Build configuration list for PBXNativeTarget "Tweet-CounterTests" */ = {
			isa = XCConfigurationList;
			buildConfigurations = (
				14E3608128F9F360005EA69D /* Debug */,
				14E3608228F9F360005EA69D /* Release */,
			);
			defaultConfigurationIsVisible = 0;
			defaultConfigurationName = Release;
		};
/* End XCConfigurationList section */

/* Begin XCRemoteSwiftPackageReference section */
		1438207428FC66D30074D326 /* XCRemoteSwiftPackageReference "OAuthSwift" */ = {
			isa = XCRemoteSwiftPackageReference;
			repositoryURL = "https://github.com/OAuthSwift/OAuthSwift";
			requirement = {
				kind = upToNextMajorVersion;
				minimumVersion = 2.2.0;
			};
		};
/* End XCRemoteSwiftPackageReference section */

/* Begin XCSwiftPackageProductDependency section */
		1438206528FC31F30074D326 /* TweetCounterUtilities */ = {
			isa = XCSwiftPackageProductDependency;
			productName = TweetCounterUtilities;
		};
		1438206928FC32E80074D326 /* TweetCounterUIComponents */ = {
			isa = XCSwiftPackageProductDependency;
			productName = TweetCounterUIComponents;
		};
		1438207528FC66D30074D326 /* OAuthSwift */ = {
			isa = XCSwiftPackageProductDependency;
			package = 1438207428FC66D30074D326 /* XCRemoteSwiftPackageReference "OAuthSwift" */;
			productName = OAuthSwift;
		};
/* End XCSwiftPackageProductDependency section */
	};
	rootObject = 14E3604B28F9F35E005EA69D /* Project object */;
}
